
Microsoft Visual Studio Solution File, Format Version 12.00
# Visual Studio Version 17
VisualStudioVersion = 17.2.32616.157
MinimumVisualStudioVersion = 10.0.40219.1
Project("{FAE04EC0-301F-11D3-BF4B-00C04F79EFBC}") = "Variables", "Variables\Variables.csproj", "{BDDC2677-D906-4602-8314-48F24FB83B66}"
EndProject
Global
	GlobalSection(SolutionConfigurationPlatforms) = preSolution
		Debug|Any CPU = Debug|Any CPU
		Release|Any CPU = Release|Any CPU
	EndGlobalSection
	GlobalSection(ProjectConfigurationPlatforms) = postSolution
		{BDDC2677-D906-4602-8314-48F24FB83B66}.Debug|Any CPU.ActiveCfg = Debug|Any CPU
		{BDDC2677-D906-4602-8314-48F24FB83B66}.Debug|Any CPU.Build.0 = Debug|Any CPU
		{BDDC2677-D906-4602-8314-48F24FB83B66}.Release|Any CPU.ActiveCfg = Release|Any CPU
		{BDDC2677-D906-4602-8314-48F24FB83B66}.Release|Any CPU.Build.0 = Release|Any CPU
	EndGlobalSection
	GlobalSection(SolutionProperties) = preSolution
		HideSolutionNode = FALSE
	EndGlobalSection
	GlobalSection(ExtensibilityGlobals) = postSolution
		SolutionGuid = {B2CE8E6A-102C-4264-9047-A0BB534E7C09}
	EndGlobalSection
EndGlobal
